
Microsoft Visual Studio Solution File, Format Version 12.00
# Visual Studio Version 16
VisualStudioVersion = 16.0.30011.22
MinimumVisualStudioVersion = 15.0.26124.0
Project("{2150E333-8FDC-42A3-9474-1A3956D46DE8}") = "Domain", "Domain", "{B1BA5A18-BF5F-4B78-9179-ED69EEABD569}"
EndProject
Project("{2150E333-8FDC-42A3-9474-1A3956D46DE8}") = "Infra.Bus", "Infra.Bus", "{8FA7A402-FFDA-4076-B387-FC5B0FB06BB0}"
EndProject
Project("{2150E333-8FDC-42A3-9474-1A3956D46DE8}") = "Infra.IoC", "Infra.IoC", "{A25C9C7C-CDEA-43D1-898E-7EE22FF361BB}"
EndProject
Project("{2150E333-8FDC-42A3-9474-1A3956D46DE8}") = "Microservcies", "Microservcies", "{270D3B75-585F-40BC-A9FC-DEB639C7DE8F}"
EndProject
Project("{9A19103F-16F7-4668-BE54-9A1E7A4F7556}") = "RabbitMq.Domain.Core", "Domain\RabbitMq.Domain.Core\RabbitMq.Domain.Core.csproj", "{92C4E8AF-EFE4-43CF-B813-4ED8E3D0C9CC}"
EndProject
Project("{9A19103F-16F7-4668-BE54-9A1E7A4F7556}") = "RabbitMq.Infra.Bus", "Infra.Bus\RabbitMq.Infra.Bus\RabbitMq.Infra.Bus.csproj", "{2EAB217D-74C2-4E80-B2BD-5149C97365EC}"
EndProject
Project("{9A19103F-16F7-4668-BE54-9A1E7A4F7556}") = "RabbitMq.Infra.IoC", "Infra.IoC\RabbitMq.Infra.IoC\RabbitMq.Infra.IoC.csproj", "{4B40B020-6415-4A03-BBE1-7EDB094885DF}"
EndProject
Project("{2150E333-8FDC-42A3-9474-1A3956D46DE8}") = "Banking", "Banking", "{82184E6E-8076-4FD6-B04F-E93E5E3F4F3A}"
EndProject
Project("{2150E333-8FDC-42A3-9474-1A3956D46DE8}") = "API", "API", "{102247B3-F200-4A8E-B672-CB829415CB6F}"
EndProject
Project("{2150E333-8FDC-42A3-9474-1A3956D46DE8}") = "Domain", "Domain", "{FCD99D44-9BFB-42E6-9E5A-F26A724185FA}"
EndProject
Project("{2150E333-8FDC-42A3-9474-1A3956D46DE8}") = "Application", "Application", "{70BC1B49-6B0F-4672-A7DE-173168F90945}"
EndProject
Project("{2150E333-8FDC-42A3-9474-1A3956D46DE8}") = "Data", "Data", "{C45D2EDF-B1D0-4189-ADD2-91CEC29BD7EC}"
EndProject
Project("{9A19103F-16F7-4668-BE54-9A1E7A4F7556}") = "RabbitMq.Banking.API", "Microservices\Banking\API\RabbitMq.Banking.API\RabbitMq.Banking.API.csproj", "{4E03C790-C4B6-4924-9E7E-D9938C526661}"
EndProject
Project("{9A19103F-16F7-4668-BE54-9A1E7A4F7556}") = "RabbitMq.Banking.Application", "Microservices\Banking\Application\RabbitMq.Banking.Application\RabbitMq.Banking.Application.csproj", "{63E8ABFC-34B5-463E-B9FD-4D0B99793079}"
EndProject
Project("{9A19103F-16F7-4668-BE54-9A1E7A4F7556}") = "RabbitMq.Banking.Data", "Microservices\Banking\Data\RabbitMq.Banking.Data\RabbitMq.Banking.Data.csproj", "{E1BBF349-B84B-4C13-A8E9-A9FEC7C93492}"
EndProject
Project("{9A19103F-16F7-4668-BE54-9A1E7A4F7556}") = "RabbitMq.Banking.Domain", "Microservices\Banking\Domain\RabbitMq.Banking.Domain\RabbitMq.Banking.Domain.csproj", "{AA7F1EC1-BB34-4DA7-AB4E-73A8D7270F21}"
EndProject
Project("{2150E333-8FDC-42A3-9474-1A3956D46DE8}") = "Transfer", "Transfer", "{9065F243-7304-4069-9CD7-DB4C49A431CD}"
EndProject
Project("{2150E333-8FDC-42A3-9474-1A3956D46DE8}") = "API", "API", "{04B47D12-B804-482C-AEB9-2F4AE3E67B13}"
EndProject
Project("{2150E333-8FDC-42A3-9474-1A3956D46DE8}") = "Domain", "Domain", "{726BFC40-7407-4677-BE0B-138149EAB259}"
EndProject
Project("{2150E333-8FDC-42A3-9474-1A3956D46DE8}") = "Data", "Data", "{1FDD6B26-AE7F-4AE3-BA05-B67FB61A8FE9}"
EndProject
Project("{2150E333-8FDC-42A3-9474-1A3956D46DE8}") = "Application", "Application", "{7BAD59A7-803B-4D80-B7B8-328088FC56A2}"
EndProject
Project("{9A19103F-16F7-4668-BE54-9A1E7A4F7556}") = "RabbitMq.Transfer.Application", "Microservices\Transfer\Application\RabbitMq.Transfer.Application\RabbitMq.Transfer.Application.csproj", "{6C51FD96-2CE0-446B-8538-F9E9D23E4C88}"
EndProject
Project("{9A19103F-16F7-4668-BE54-9A1E7A4F7556}") = "RabbitMq.Transfer.API", "Microservices\Transfer\API\RabbitMq.Transfer.API\RabbitMq.Transfer.API.csproj", "{FFCB9CF5-8B77-41B3-A479-C1D97B790481}"
EndProject
Project("{9A19103F-16F7-4668-BE54-9A1E7A4F7556}") = "RabbitMq.Transfer.Data", "Microservices\Transfer\Data\RabbitMq.Transfer.Data\RabbitMq.Transfer.Data.csproj", "{18E61A4B-74A9-41E2-97ED-F0E56DD394E3}"
EndProject
Project("{9A19103F-16F7-4668-BE54-9A1E7A4F7556}") = "RabbitMq.Transfer.Domain", "Microservices\Transfer\Domain\RabbitMq.Transfer.Domain\RabbitMq.Transfer.Domain.csproj", "{454C9AC6-9EFA-4EB7-8B40-0C0D15025240}"
EndProject
Project("{2150E333-8FDC-42A3-9474-1A3956D46DE8}") = "Presentation", "Presentation", "{654DDF9C-A889-4446-96B3-34297502D520}"
EndProject
Project("{FAE04EC0-301F-11D3-BF4B-00C04F79EFBC}") = "RabbitMq.MVC", "Presentation\RabbitMq.MVC\RabbitMq.MVC.csproj", "{1010A0A2-1B7E-471D-A553-984C11856CD9}"
EndProject
Global
	GlobalSection(SolutionConfigurationPlatforms) = preSolution
		Debug|Any CPU = Debug|Any CPU
		Debug|x64 = Debug|x64
		Debug|x86 = Debug|x86
		Release|Any CPU = Release|Any CPU
		Release|x64 = Release|x64
		Release|x86 = Release|x86
	EndGlobalSection
	GlobalSection(ProjectConfigurationPlatforms) = postSolution
		{92C4E8AF-EFE4-43CF-B813-4ED8E3D0C9CC}.Debug|Any CPU.ActiveCfg = Debug|Any CPU
		{92C4E8AF-EFE4-43CF-B813-4ED8E3D0C9CC}.Debug|Any CPU.Build.0 = Debug|Any CPU
		{92C4E8AF-EFE4-43CF-B813-4ED8E3D0C9CC}.Debug|x64.ActiveCfg = Debug|Any CPU
		{92C4E8AF-EFE4-43CF-B813-4ED8E3D0C9CC}.Debug|x64.Build.0 = Debug|Any CPU
		{92C4E8AF-EFE4-43CF-B813-4ED8E3D0C9CC}.Debug|x86.ActiveCfg = Debug|Any CPU
		{92C4E8AF-EFE4-43CF-B813-4ED8E3D0C9CC}.Debug|x86.Build.0 = Debug|Any CPU
		{92C4E8AF-EFE4-43CF-B813-4ED8E3D0C9CC}.Release|Any CPU.ActiveCfg = Release|Any CPU
		{92C4E8AF-EFE4-43CF-B813-4ED8E3D0C9CC}.Release|Any CPU.Build.0 = Release|Any CPU
		{92C4E8AF-EFE4-43CF-B813-4ED8E3D0C9CC}.Release|x64.ActiveCfg = Release|Any CPU
		{92C4E8AF-EFE4-43CF-B813-4ED8E3D0C9CC}.Release|x64.Build.0 = Release|Any CPU
		{92C4E8AF-EFE4-43CF-B813-4ED8E3D0C9CC}.Release|x86.ActiveCfg = Release|Any CPU
		{92C4E8AF-EFE4-43CF-B813-4ED8E3D0C9CC}.Release|x86.Build.0 = Release|Any CPU
		{2EAB217D-74C2-4E80-B2BD-5149C97365EC}.Debug|Any CPU.ActiveCfg = Debug|Any CPU
		{2EAB217D-74C2-4E80-B2BD-5149C97365EC}.Debug|Any CPU.Build.0 = Debug|Any CPU
		{2EAB217D-74C2-4E80-B2BD-5149C97365EC}.Debug|x64.ActiveCfg = Debug|Any CPU
		{2EAB217D-74C2-4E80-B2BD-5149C97365EC}.Debug|x64.Build.0 = Debug|Any CPU
		{2EAB217D-74C2-4E80-B2BD-5149C97365EC}.Debug|x86.ActiveCfg = Debug|Any CPU
		{2EAB217D-74C2-4E80-B2BD-5149C97365EC}.Debug|x86.Build.0 = Debug|Any CPU
		{2EAB217D-74C2-4E80-B2BD-5149C97365EC}.Release|Any CPU.ActiveCfg = Release|Any CPU
		{2EAB217D-74C2-4E80-B2BD-5149C97365EC}.Release|Any CPU.Build.0 = Release|Any CPU
		{2EAB217D-74C2-4E80-B2BD-5149C97365EC}.Release|x64.ActiveCfg = Release|Any CPU
		{2EAB217D-74C2-4E80-B2BD-5149C97365EC}.Release|x64.Build.0 = Release|Any CPU
		{2EAB217D-74C2-4E80-B2BD-5149C97365EC}.Release|x86.ActiveCfg = Release|Any CPU
		{2EAB217D-74C2-4E80-B2BD-5149C97365EC}.Release|x86.Build.0 = Release|Any CPU
		{4B40B020-6415-4A03-BBE1-7EDB094885DF}.Debug|Any CPU.ActiveCfg = Debug|Any CPU
		{4B40B020-6415-4A03-BBE1-7EDB094885DF}.Debug|Any CPU.Build.0 = Debug|Any CPU
		{4B40B020-6415-4A03-BBE1-7EDB094885DF}.Debug|x64.ActiveCfg = Debug|Any CPU
		{4B40B020-6415-4A03-BBE1-7EDB094885DF}.Debug|x64.Build.0 = Debug|Any CPU
		{4B40B020-6415-4A03-BBE1-7EDB094885DF}.Debug|x86.ActiveCfg = Debug|Any CPU
		{4B40B020-6415-4A03-BBE1-7EDB094885DF}.Debug|x86.Build.0 = Debug|Any CPU
		{4B40B020-6415-4A03-BBE1-7EDB094885DF}.Release|Any CPU.ActiveCfg = Release|Any CPU
		{4B40B020-6415-4A03-BBE1-7EDB094885DF}.Release|Any CPU.Build.0 = Release|Any CPU
		{4B40B020-6415-4A03-BBE1-7EDB094885DF}.Release|x64.ActiveCfg = Release|Any CPU
		{4B40B020-6415-4A03-BBE1-7EDB094885DF}.Release|x64.Build.0 = Release|Any CPU
		{4B40B020-6415-4A03-BBE1-7EDB094885DF}.Release|x86.ActiveCfg = Release|Any CPU
		{4B40B020-6415-4A03-BBE1-7EDB094885DF}.Release|x86.Build.0 = Release|Any CPU
		{4E03C790-C4B6-4924-9E7E-D9938C526661}.Debug|Any CPU.ActiveCfg = Debug|Any CPU
		{4E03C790-C4B6-4924-9E7E-D9938C526661}.Debug|Any CPU.Build.0 = Debug|Any CPU
		{4E03C790-C4B6-4924-9E7E-D9938C526661}.Debug|x64.ActiveCfg = Debug|Any CPU
		{4E03C790-C4B6-4924-9E7E-D9938C526661}.Debug|x64.Build.0 = Debug|Any CPU
		{4E03C790-C4B6-4924-9E7E-D9938C526661}.Debug|x86.ActiveCfg = Debug|Any CPU
		{4E03C790-C4B6-4924-9E7E-D9938C526661}.Debug|x86.Build.0 = Debug|Any CPU
		{4E03C790-C4B6-4924-9E7E-D9938C526661}.Release|Any CPU.ActiveCfg = Release|Any CPU
		{4E03C790-C4B6-4924-9E7E-D9938C526661}.Release|Any CPU.Build.0 = Release|Any CPU
		{4E03C790-C4B6-4924-9E7E-D9938C526661}.Release|x64.ActiveCfg = Release|Any CPU
		{4E03C790-C4B6-4924-9E7E-D9938C526661}.Release|x64.Build.0 = Release|Any CPU
		{4E03C790-C4B6-4924-9E7E-D9938C526661}.Release|x86.ActiveCfg = Release|Any CPU
		{4E03C790-C4B6-4924-9E7E-D9938C526661}.Release|x86.Build.0 = Release|Any CPU
		{63E8ABFC-34B5-463E-B9FD-4D0B99793079}.Debug|Any CPU.ActiveCfg = Debug|Any CPU
		{63E8ABFC-34B5-463E-B9FD-4D0B99793079}.Debug|Any CPU.Build.0 = Debug|Any CPU
		{63E8ABFC-34B5-463E-B9FD-4D0B99793079}.Debug|x64.ActiveCfg = Debug|Any CPU
		{63E8ABFC-34B5-463E-B9FD-4D0B99793079}.Debug|x64.Build.0 = Debug|Any CPU
		{63E8ABFC-34B5-463E-B9FD-4D0B99793079}.Debug|x86.ActiveCfg = Debug|Any CPU
		{63E8ABFC-34B5-463E-B9FD-4D0B99793079}.Debug|x86.Build.0 = Debug|Any CPU
		{63E8ABFC-34B5-463E-B9FD-4D0B99793079}.Release|Any CPU.ActiveCfg = Release|Any CPU
		{63E8ABFC-34B5-463E-B9FD-4D0B99793079}.Release|Any CPU.Build.0 = Release|Any CPU
		{63E8ABFC-34B5-463E-B9FD-4D0B99793079}.Release|x64.ActiveCfg = Release|Any CPU
		{63E8ABFC-34B5-463E-B9FD-4D0B99793079}.Release|x64.Build.0 = Release|Any CPU
		{63E8ABFC-34B5-463E-B9FD-4D0B99793079}.Release|x86.ActiveCfg = Release|Any CPU
		{63E8ABFC-34B5-463E-B9FD-4D0B99793079}.Release|x86.Build.0 = Release|Any CPU
		{E1BBF349-B84B-4C13-A8E9-A9FEC7C93492}.Debug|Any CPU.ActiveCfg = Debug|Any CPU
		{E1BBF349-B84B-4C13-A8E9-A9FEC7C93492}.Debug|Any CPU.Build.0 = Debug|Any CPU
		{E1BBF349-B84B-4C13-A8E9-A9FEC7C93492}.Debug|x64.ActiveCfg = Debug|Any CPU
		{E1BBF349-B84B-4C13-A8E9-A9FEC7C93492}.Debug|x64.Build.0 = Debug|Any CPU
		{E1BBF349-B84B-4C13-A8E9-A9FEC7C93492}.Debug|x86.ActiveCfg = Debug|Any CPU
		{E1BBF349-B84B-4C13-A8E9-A9FEC7C93492}.Debug|x86.Build.0 = Debug|Any CPU
		{E1BBF349-B84B-4C13-A8E9-A9FEC7C93492}.Release|Any CPU.ActiveCfg = Release|Any CPU
		{E1BBF349-B84B-4C13-A8E9-A9FEC7C93492}.Release|Any CPU.Build.0 = Release|Any CPU
		{E1BBF349-B84B-4C13-A8E9-A9FEC7C93492}.Release|x64.ActiveCfg = Release|Any CPU
		{E1BBF349-B84B-4C13-A8E9-A9FEC7C93492}.Release|x64.Build.0 = Release|Any CPU
		{E1BBF349-B84B-4C13-A8E9-A9FEC7C93492}.Release|x86.ActiveCfg = Release|Any CPU
		{E1BBF349-B84B-4C13-A8E9-A9FEC7C93492}.Release|x86.Build.0 = Release|Any CPU
		{AA7F1EC1-BB34-4DA7-AB4E-73A8D7270F21}.Debug|Any CPU.ActiveCfg = Debug|Any CPU
		{AA7F1EC1-BB34-4DA7-AB4E-73A8D7270F21}.Debug|Any CPU.Build.0 = Debug|Any CPU
		{AA7F1EC1-BB34-4DA7-AB4E-73A8D7270F21}.Debug|x64.ActiveCfg = Debug|Any CPU
		{AA7F1EC1-BB34-4DA7-AB4E-73A8D7270F21}.Debug|x64.Build.0 = Debug|Any CPU
		{AA7F1EC1-BB34-4DA7-AB4E-73A8D7270F21}.Debug|x86.ActiveCfg = Debug|Any CPU
		{AA7F1EC1-BB34-4DA7-AB4E-73A8D7270F21}.Debug|x86.Build.0 = Debug|Any CPU
		{AA7F1EC1-BB34-4DA7-AB4E-73A8D7270F21}.Release|Any CPU.ActiveCfg = Release|Any CPU
		{AA7F1EC1-BB34-4DA7-AB4E-73A8D7270F21}.Release|Any CPU.Build.0 = Release|Any CPU
		{AA7F1EC1-BB34-4DA7-AB4E-73A8D7270F21}.Release|x64.ActiveCfg = Release|Any CPU
		{AA7F1EC1-BB34-4DA7-AB4E-73A8D7270F21}.Release|x64.Build.0 = Release|Any CPU
		{AA7F1EC1-BB34-4DA7-AB4E-73A8D7270F21}.Release|x86.ActiveCfg = Release|Any CPU
		{AA7F1EC1-BB34-4DA7-AB4E-73A8D7270F21}.Release|x86.Build.0 = Release|Any CPU
		{6C51FD96-2CE0-446B-8538-F9E9D23E4C88}.Debug|Any CPU.ActiveCfg = Debug|Any CPU
		{6C51FD96-2CE0-446B-8538-F9E9D23E4C88}.Debug|Any CPU.Build.0 = Debug|Any CPU
		{6C51FD96-2CE0-446B-8538-F9E9D23E4C88}.Debug|x64.ActiveCfg = Debug|Any CPU
		{6C51FD96-2CE0-446B-8538-F9E9D23E4C88}.Debug|x64.Build.0 = Debug|Any CPU
		{6C51FD96-2CE0-446B-8538-F9E9D23E4C88}.Debug|x86.ActiveCfg = Debug|Any CPU
		{6C51FD96-2CE0-446B-8538-F9E9D23E4C88}.Debug|x86.Build.0 = Debug|Any CPU
		{6C51FD96-2CE0-446B-8538-F9E9D23E4C88}.Release|Any CPU.ActiveCfg = Release|Any CPU
		{6C51FD96-2CE0-446B-8538-F9E9D23E4C88}.Release|Any CPU.Build.0 = Release|Any CPU
		{6C51FD96-2CE0-446B-8538-F9E9D23E4C88}.Release|x64.ActiveCfg = Release|Any CPU
		{6C51FD96-2CE0-446B-8538-F9E9D23E4C88}.Release|x64.Build.0 = Release|Any CPU
		{6C51FD96-2CE0-446B-8538-F9E9D23E4C88}.Release|x86.ActiveCfg = Release|Any CPU
		{6C51FD96-2CE0-446B-8538-F9E9D23E4C88}.Release|x86.Build.0 = Release|Any CPU
		{FFCB9CF5-8B77-41B3-A479-C1D97B790481}.Debug|Any CPU.ActiveCfg = Debug|Any CPU
		{FFCB9CF5-8B77-41B3-A479-C1D97B790481}.Debug|Any CPU.Build.0 = Debug|Any CPU
		{FFCB9CF5-8B77-41B3-A479-C1D97B790481}.Debug|x64.ActiveCfg = Debug|Any CPU
		{FFCB9CF5-8B77-41B3-A479-C1D97B790481}.Debug|x64.Build.0 = Debug|Any CPU
		{FFCB9CF5-8B77-41B3-A479-C1D97B790481}.Debug|x86.ActiveCfg = Debug|Any CPU
		{FFCB9CF5-8B77-41B3-A479-C1D97B790481}.Debug|x86.Build.0 = Debug|Any CPU
		{FFCB9CF5-8B77-41B3-A479-C1D97B790481}.Release|Any CPU.ActiveCfg = Release|Any CPU
		{FFCB9CF5-8B77-41B3-A479-C1D97B790481}.Release|Any CPU.Build.0 = Release|Any CPU
		{FFCB9CF5-8B77-41B3-A479-C1D97B790481}.Release|x64.ActiveCfg = Release|Any CPU
		{FFCB9CF5-8B77-41B3-A479-C1D97B790481}.Release|x64.Build.0 = Release|Any CPU
		{FFCB9CF5-8B77-41B3-A479-C1D97B790481}.Release|x86.ActiveCfg = Release|Any CPU
		{FFCB9CF5-8B77-41B3-A479-C1D97B790481}.Release|x86.Build.0 = Release|Any CPU
		{18E61A4B-74A9-41E2-97ED-F0E56DD394E3}.Debug|Any CPU.ActiveCfg = Debug|Any CPU
		{18E61A4B-74A9-41E2-97ED-F0E56DD394E3}.Debug|Any CPU.Build.0 = Debug|Any CPU
		{18E61A4B-74A9-41E2-97ED-F0E56DD394E3}.Debug|x64.ActiveCfg = Debug|Any CPU
		{18E61A4B-74A9-41E2-97ED-F0E56DD394E3}.Debug|x64.Build.0 = Debug|Any CPU
		{18E61A4B-74A9-41E2-97ED-F0E56DD394E3}.Debug|x86.ActiveCfg = Debug|Any CPU
		{18E61A4B-74A9-41E2-97ED-F0E56DD394E3}.Debug|x86.Build.0 = Debug|Any CPU
		{18E61A4B-74A9-41E2-97ED-F0E56DD394E3}.Release|Any CPU.ActiveCfg = Release|Any CPU
		{18E61A4B-74A9-41E2-97ED-F0E56DD394E3}.Release|Any CPU.Build.0 = Release|Any CPU
		{18E61A4B-74A9-41E2-97ED-F0E56DD394E3}.Release|x64.ActiveCfg = Release|Any CPU
		{18E61A4B-74A9-41E2-97ED-F0E56DD394E3}.Release|x64.Build.0 = Release|Any CPU
		{18E61A4B-74A9-41E2-97ED-F0E56DD394E3}.Release|x86.ActiveCfg = Release|Any CPU
		{18E61A4B-74A9-41E2-97ED-F0E56DD394E3}.Release|x86.Build.0 = Release|Any CPU
		{454C9AC6-9EFA-4EB7-8B40-0C0D15025240}.Debug|Any CPU.ActiveCfg = Debug|Any CPU
		{454C9AC6-9EFA-4EB7-8B40-0C0D15025240}.Debug|Any CPU.Build.0 = Debug|Any CPU
		{454C9AC6-9EFA-4EB7-8B40-0C0D15025240}.Debug|x64.ActiveCfg = Debug|Any CPU
		{454C9AC6-9EFA-4EB7-8B40-0C0D15025240}.Debug|x64.Build.0 = Debug|Any CPU
		{454C9AC6-9EFA-4EB7-8B40-0C0D15025240}.Debug|x86.ActiveCfg = Debug|Any CPU
		{454C9AC6-9EFA-4EB7-8B40-0C0D15025240}.Debug|x86.Build.0 = Debug|Any CPU
		{454C9AC6-9EFA-4EB7-8B40-0C0D15025240}.Release|Any CPU.ActiveCfg = Release|Any CPU
		{454C9AC6-9EFA-4EB7-8B40-0C0D15025240}.Release|Any CPU.Build.0 = Release|Any CPU
		{454C9AC6-9EFA-4EB7-8B40-0C0D15025240}.Release|x64.ActiveCfg = Release|Any CPU
		{454C9AC6-9EFA-4EB7-8B40-0C0D15025240}.Release|x64.Build.0 = Release|Any CPU
		{454C9AC6-9EFA-4EB7-8B40-0C0D15025240}.Release|x86.ActiveCfg = Release|Any CPU
		{454C9AC6-9EFA-4EB7-8B40-0C0D15025240}.Release|x86.Build.0 = Release|Any CPU
		{1010A0A2-1B7E-471D-A553-984C11856CD9}.Debug|Any CPU.ActiveCfg = Debug|Any CPU
		{1010A0A2-1B7E-471D-A553-984C11856CD9}.Debug|Any CPU.Build.0 = Debug|Any CPU
		{1010A0A2-1B7E-471D-A553-984C11856CD9}.Debug|x64.ActiveCfg = Debug|Any CPU
		{1010A0A2-1B7E-471D-A553-984C11856CD9}.Debug|x64.Build.0 = Debug|Any CPU
		{1010A0A2-1B7E-471D-A553-984C11856CD9}.Debug|x86.ActiveCfg = Debug|Any CPU
		{1010A0A2-1B7E-471D-A553-984C11856CD9}.Debug|x86.Build.0 = Debug|Any CPU
		{1010A0A2-1B7E-471D-A553-984C11856CD9}.Release|Any CPU.ActiveCfg = Release|Any CPU
		{1010A0A2-1B7E-471D-A553-984C11856CD9}.Release|Any CPU.Build.0 = Release|Any CPU
		{1010A0A2-1B7E-471D-A553-984C11856CD9}.Release|x64.ActiveCfg = Release|Any CPU
		{1010A0A2-1B7E-471D-A553-984C11856CD9}.Release|x64.Build.0 = Release|Any CPU
		{1010A0A2-1B7E-471D-A553-984C11856CD9}.Release|x86.ActiveCfg = Release|Any CPU
		{1010A0A2-1B7E-471D-A553-984C11856CD9}.Release|x86.Build.0 = Release|Any CPU
	EndGlobalSection
	GlobalSection(SolutionProperties) = preSolution
		HideSolutionNode = FALSE
	EndGlobalSection
	GlobalSection(NestedProjects) = preSolution
		{92C4E8AF-EFE4-43CF-B813-4ED8E3D0C9CC} = {B1BA5A18-BF5F-4B78-9179-ED69EEABD569}
		{2EAB217D-74C2-4E80-B2BD-5149C97365EC} = {8FA7A402-FFDA-4076-B387-FC5B0FB06BB0}
		{4B40B020-6415-4A03-BBE1-7EDB094885DF} = {A25C9C7C-CDEA-43D1-898E-7EE22FF361BB}
		{82184E6E-8076-4FD6-B04F-E93E5E3F4F3A} = {270D3B75-585F-40BC-A9FC-DEB639C7DE8F}
		{102247B3-F200-4A8E-B672-CB829415CB6F} = {82184E6E-8076-4FD6-B04F-E93E5E3F4F3A}
		{FCD99D44-9BFB-42E6-9E5A-F26A724185FA} = {82184E6E-8076-4FD6-B04F-E93E5E3F4F3A}
		{70BC1B49-6B0F-4672-A7DE-173168F90945} = {82184E6E-8076-4FD6-B04F-E93E5E3F4F3A}
		{C45D2EDF-B1D0-4189-ADD2-91CEC29BD7EC} = {82184E6E-8076-4FD6-B04F-E93E5E3F4F3A}
		{4E03C790-C4B6-4924-9E7E-D9938C526661} = {102247B3-F200-4A8E-B672-CB829415CB6F}
		{63E8ABFC-34B5-463E-B9FD-4D0B99793079} = {70BC1B49-6B0F-4672-A7DE-173168F90945}
		{E1BBF349-B84B-4C13-A8E9-A9FEC7C93492} = {C45D2EDF-B1D0-4189-ADD2-91CEC29BD7EC}
		{AA7F1EC1-BB34-4DA7-AB4E-73A8D7270F21} = {FCD99D44-9BFB-42E6-9E5A-F26A724185FA}
		{9065F243-7304-4069-9CD7-DB4C49A431CD} = {270D3B75-585F-40BC-A9FC-DEB639C7DE8F}
		{04B47D12-B804-482C-AEB9-2F4AE3E67B13} = {9065F243-7304-4069-9CD7-DB4C49A431CD}
		{726BFC40-7407-4677-BE0B-138149EAB259} = {9065F243-7304-4069-9CD7-DB4C49A431CD}
		{1FDD6B26-AE7F-4AE3-BA05-B67FB61A8FE9} = {9065F243-7304-4069-9CD7-DB4C49A431CD}
		{7BAD59A7-803B-4D80-B7B8-328088FC56A2} = {9065F243-7304-4069-9CD7-DB4C49A431CD}
		{6C51FD96-2CE0-446B-8538-F9E9D23E4C88} = {7BAD59A7-803B-4D80-B7B8-328088FC56A2}
		{FFCB9CF5-8B77-41B3-A479-C1D97B790481} = {04B47D12-B804-482C-AEB9-2F4AE3E67B13}
		{18E61A4B-74A9-41E2-97ED-F0E56DD394E3} = {1FDD6B26-AE7F-4AE3-BA05-B67FB61A8FE9}
		{454C9AC6-9EFA-4EB7-8B40-0C0D15025240} = {726BFC40-7407-4677-BE0B-138149EAB259}
		{1010A0A2-1B7E-471D-A553-984C11856CD9} = {654DDF9C-A889-4446-96B3-34297502D520}
	EndGlobalSection
	GlobalSection(ExtensibilityGlobals) = postSolution
		SolutionGuid = {62165255-2803-41BF-B35B-A9DA6BE55598}
	EndGlobalSection
EndGlobal
